
Microsoft Visual Studio Solution File, Format Version 12.00
# Visual Studio Version 17
VisualStudioVersion = 17.14.36221.1 d17.14
MinimumVisualStudioVersion = 10.0.40219.1
Project("{FAE04EC0-301F-11D3-BF4B-00C04F79EFBC}") = "oop3", "oop3\oop3.csproj", "{83917147-1575-4B4A-A199-BB47F172203F}"
EndProject
Global
	GlobalSection(SolutionConfigurationPlatforms) = preSolution
		Debug|Any CPU = Debug|Any CPU
		Release|Any CPU = Release|Any CPU
	EndGlobalSection
	GlobalSection(ProjectConfigurationPlatforms) = postSolution
		{83917147-1575-4B4A-A199-BB47F172203F}.Debug|Any CPU.ActiveCfg = Debug|Any CPU
		{83917147-1575-4B4A-A199-BB47F172203F}.Debug|Any CPU.Build.0 = Debug|Any CPU
		{83917147-1575-4B4A-A199-BB47F172203F}.Release|Any CPU.ActiveCfg = Release|Any CPU
		{83917147-1575-4B4A-A199-BB47F172203F}.Release|Any CPU.Build.0 = Release|Any CPU
	EndGlobalSection
	GlobalSection(SolutionProperties) = preSolution
		HideSolutionNode = FALSE
	EndGlobalSection
	GlobalSection(ExtensibilityGlobals) = postSolution
		SolutionGuid = {C605A548-E309-43A5-B28F-B9D0831048EB}
	EndGlobalSection
EndGlobal
